{"format_version":"1.2","terraform_version":"1.5.6","variables":{"bucket_name":{"value":"my-unique-bucket-name"},"location":{"value":"US"},"log_bucket_name":{"value":"my-log-bucket-name"},"project_id":{"value":"example-project-id"},"storage_class":{"value":"NEARLINE"}},"planned_values":{"outputs":{"bucket_name":{"sensitive":false,"type":"string","value":"my-unique-bucket-name"},"bucket_url":{"sensitive":false}},"root_module":{"resources":[{"address":"google_storage_bucket.cost_optimized","mode":"managed","type":"google_storage_bucket","name":"cost_optimized","provider_name":"registry.terraform.io/hashicorp/google","schema_version":3,"values":{"autoclass":[],"cors":[],"custom_placement_config":[],"default_event_based_hold":null,"effective_labels":{"goog-terraform-provisioned":"true"},"enable_object_retention":null,"encryption":[],"force_destroy":true,"hierarchical_namespace":[],"ip_filter":[],"labels":null,"lifecycle_rule":[{"action":[{"storage_class":"COLDLINE","type":"SetStorageClass"}],"condition":[{"age":30,"created_before":"","custom_time_before":"","days_since_custom_time":null,"days_since_noncurrent_time":null,"matches_prefix":[],"matches_storage_class":[],"matches_suffix":[],"noncurrent_time_before":"","num_newer_versions":null,"send_age_if_zero":null,"send_days_since_custom_time_if_zero":null,"send_days_since_noncurrent_time_if_zero":null,"send_num_newer_versions_if_zero":null}]},{"action":[{"storage_class":"","type":"Delete"}],"condition":[{"age":365,"created_before":"","custom_time_before":"","days_since_custom_time":null,"days_since_noncurrent_time":null,"matches_prefix":[],"matches_storage_class":[],"matches_suffix":[],"noncurrent_time_before":"","num_newer_versions":null,"send_age_if_zero":null,"send_days_since_custom_time_if_zero":null,"send_days_since_noncurrent_time_if_zero":null,"send_num_newer_versions_if_zero":null}]}],"location":"US","logging":[{"log_bucket":"my-log-bucket-name","log_object_prefix":"log"}],"name":"my-unique-bucket-name","public_access_prevention":"enforced","requester_pays":null,"retention_policy":[],"storage_class":"NEARLINE","terraform_labels":{"goog-terraform-provisioned":"true"},"timeouts":null,"uniform_bucket_level_access":true,"versioning":[{"enabled":true}]},"sensitive_values":{"autoclass":[],"cors":[],"custom_placement_config":[],"effective_labels":{},"encryption":[],"hierarchical_namespace":[],"ip_filter":[],"lifecycle_rule":[{"action":[{}],"condition":[{"matches_prefix":[],"matches_storage_class":[],"matches_suffix":[]}]},{"action":[{}],"condition":[{"matches_prefix":[],"matches_storage_class":[],"matches_suffix":[]}]}],"logging":[{}],"retention_policy":[],"soft_delete_policy":[],"terraform_labels":{},"versioning":[{}],"website":[]}}]}},"resource_changes":[{"address":"google_storage_bucket.cost_optimized","mode":"managed","type":"google_storage_bucket","name":"cost_optimized","provider_name":"registry.terraform.io/hashicorp/google","change":{"actions":["create"],"before":null,"after":{"autoclass":[],"cors":[],"custom_placement_config":[],"default_event_based_hold":null,"effective_labels":{"goog-terraform-provisioned":"true"},"enable_object_retention":null,"encryption":[],"force_destroy":true,"hierarchical_namespace":[],"ip_filter":[],"labels":null,"lifecycle_rule":[{"action":[{"storage_class":"COLDLINE","type":"SetStorageClass"}],"condition":[{"age":30,"created_before":"","custom_time_before":"","days_since_custom_time":null,"days_since_noncurrent_time":null,"matches_prefix":[],"matches_storage_class":[],"matches_suffix":[],"noncurrent_time_before":"","num_newer_versions":null,"send_age_if_zero":null,"send_days_since_custom_time_if_zero":null,"send_days_since_noncurrent_time_if_zero":null,"send_num_newer_versions_if_zero":null}]},{"action":[{"storage_class":"","type":"Delete"}],"condition":[{"age":365,"created_before":"","custom_time_before":"","days_since_custom_time":null,"days_since_noncurrent_time":null,"matches_prefix":[],"matches_storage_class":[],"matches_suffix":[],"noncurrent_time_before":"","num_newer_versions":null,"send_age_if_zero":null,"send_days_since_custom_time_if_zero":null,"send_days_since_noncurrent_time_if_zero":null,"send_num_newer_versions_if_zero":null}]}],"location":"US","logging":[{"log_bucket":"my-log-bucket-name","log_object_prefix":"log"}],"name":"my-unique-bucket-name","public_access_prevention":"enforced","requester_pays":null,"retention_policy":[],"storage_class":"NEARLINE","terraform_labels":{"goog-terraform-provisioned":"true"},"timeouts":null,"uniform_bucket_level_access":true,"versioning":[{"enabled":true}]},"after_unknown":{"autoclass":[],"cors":[],"custom_placement_config":[],"effective_labels":{},"encryption":[],"hierarchical_namespace":[],"id":true,"ip_filter":[],"lifecycle_rule":[{"action":[{}],"condition":[{"matches_prefix":[],"matches_storage_class":[],"matches_suffix":[],"with_state":true}]},{"action":[{}],"condition":[{"matches_prefix":[],"matches_storage_class":[],"matches_suffix":[],"with_state":true}]}],"logging":[{}],"project":true,"project_number":true,"retention_policy":[],"rpo":true,"self_link":true,"soft_delete_policy":true,"terraform_labels":{},"time_created":true,"updated":true,"url":true,"versioning":[{}],"website":true},"before_sensitive":false,"after_sensitive":{"autoclass":[],"cors":[],"custom_placement_config":[],"effective_labels":{},"encryption":[],"hierarchical_namespace":[],"ip_filter":[],"lifecycle_rule":[{"action":[{}],"condition":[{"matches_prefix":[],"matches_storage_class":[],"matches_suffix":[]}]},{"action":[{}],"condition":[{"matches_prefix":[],"matches_storage_class":[],"matches_suffix":[]}]}],"logging":[{}],"retention_policy":[],"soft_delete_policy":[],"terraform_labels":{},"versioning":[{}],"website":[]}}}],"output_changes":{"bucket_name":{"actions":["create"],"before":null,"after":"my-unique-bucket-name","after_unknown":false,"before_sensitive":false,"after_sensitive":false},"bucket_url":{"actions":["create"],"before":null,"after_unknown":true,"before_sensitive":false,"after_sensitive":false}},"prior_state":{"format_version":"1.0","terraform_version":"1.5.6","values":{"outputs":{"bucket_name":{"sensitive":false,"value":"my-unique-bucket-name","type":"string"}},"root_module":{}}},"configuration":{"provider_config":{"google":{"name":"google","full_name":"registry.terraform.io/hashicorp/google","version_constraint":"~\u003e 6.0","expressions":{"project":{"references":["var.project_id"]},"region":{"references":["var.location"]}}}},"root_module":{"outputs":{"bucket_name":{"expression":{"references":["google_storage_bucket.cost_optimized.name","google_storage_bucket.cost_optimized"]},"description":"The name of the created GCS bucket."},"bucket_url":{"expression":{"references":["google_storage_bucket.cost_optimized.url","google_storage_bucket.cost_optimized"]},"description":"The URL of the created GCS bucket."}},"resources":[{"address":"google_storage_bucket.cost_optimized","mode":"managed","type":"google_storage_bucket","name":"cost_optimized","provider_config_key":"google","expressions":{"force_destroy":{"constant_value":true},"lifecycle_rule":[{"action":[{"storage_class":{"constant_value":"COLDLINE"},"type":{"constant_value":"SetStorageClass"}}],"condition":[{"age":{"constant_value":30}}]},{"action":[{"type":{"constant_value":"Delete"}}],"condition":[{"age":{"constant_value":365}}]}],"location":{"references":["var.location"]},"logging":[{"log_bucket":{"references":["var.log_bucket_name"]},"log_object_prefix":{"constant_value":"log"}}],"name":{"references":["var.bucket_name"]},"public_access_prevention":{"constant_value":"enforced"},"storage_class":{"references":["var.storage_class"]},"uniform_bucket_level_access":{"constant_value":true},"versioning":[{"enabled":{"constant_value":true}}]},"schema_version":3}],"variables":{"bucket_name":{"description":"The name of the GCS bucket. Must be globally unique."},"location":{"default":"US","description":"The location for the bucket. E.g., US, EU, asia-east1."},"log_bucket_name":{"description":"The name of the bucket where access logs should be stored. Must be a different bucket."},"project_id":{"description":"The GCP project ID where the bucket will be created."},"storage_class":{"default":"NEARLINE","description":"The storage class for the bucket. Use NEARLINE or COLDLINE for cost optimization."}}}},"relevant_attributes":[{"resource":"google_storage_bucket.cost_optimized","attribute":["name"]},{"resource":"google_storage_bucket.cost_optimized","attribute":["url"]}],"timestamp":"2025-09-15T23:39:57Z"}
